
Microsoft Visual Studio Solution File, Format Version 12.00
# Visual Studio Version 17
VisualStudioVersion = 17.13.35931.197 d17.13
MinimumVisualStudioVersion = 10.0.40219.1
Project("{FAE04EC0-301F-11D3-BF4B-00C04F79EFBC}") = "AppUI", "AppUI\AppUI.csproj", "{F15AC4C5-ADC5-492B-8859-9578FE6A359E}"
EndProject
Global
	GlobalSection(SolutionConfigurationPlatforms) = preSolution
		Debug|Any CPU = Debug|Any CPU
		Release|Any CPU = Release|Any CPU
	EndGlobalSection
	GlobalSection(ProjectConfigurationPlatforms) = postSolution
		{F15AC4C5-ADC5-492B-8859-9578FE6A359E}.Debug|Any CPU.ActiveCfg = Debug|Any CPU
		{F15AC4C5-ADC5-492B-8859-9578FE6A359E}.Debug|Any CPU.Build.0 = Debug|Any CPU
		{F15AC4C5-ADC5-492B-8859-9578FE6A359E}.Release|Any CPU.ActiveCfg = Release|Any CPU
		{F15AC4C5-ADC5-492B-8859-9578FE6A359E}.Release|Any CPU.Build.0 = Release|Any CPU
	EndGlobalSection
	GlobalSection(SolutionProperties) = preSolution
		HideSolutionNode = FALSE
	EndGlobalSection
	GlobalSection(ExtensibilityGlobals) = postSolution
		SolutionGuid = {EA4FDE6E-C37C-41DC-A482-2F4D3021BF0E}
	EndGlobalSection
EndGlobal
